
Microsoft Visual Studio Solution File, Format Version 12.00
# Visual Studio Version 16
VisualStudioVersion = 16.0.30523.141
MinimumVisualStudioVersion = 10.0.40219.1
Project("{FAE04EC0-301F-11D3-BF4B-00C04F79EFBC}") = "vismodbc", "vismodbc\vismodbc.csproj", "{40FC01DC-A06A-400A-AEE3-E1939A4345B9}"
EndProject
Global
	GlobalSection(SolutionConfigurationPlatforms) = preSolution
		Debug|Any CPU = Debug|Any CPU
		Release|Any CPU = Release|Any CPU
	EndGlobalSection
	GlobalSection(ProjectConfigurationPlatforms) = postSolution
		{40FC01DC-A06A-400A-AEE3-E1939A4345B9}.Debug|Any CPU.ActiveCfg = Debug|Any CPU
		{40FC01DC-A06A-400A-AEE3-E1939A4345B9}.Debug|Any CPU.Build.0 = Debug|Any CPU
		{40FC01DC-A06A-400A-AEE3-E1939A4345B9}.Release|Any CPU.ActiveCfg = Release|Any CPU
		{40FC01DC-A06A-400A-AEE3-E1939A4345B9}.Release|Any CPU.Build.0 = Release|Any CPU
	EndGlobalSection
	GlobalSection(SolutionProperties) = preSolution
		HideSolutionNode = FALSE
	EndGlobalSection
	GlobalSection(ExtensibilityGlobals) = postSolution
		SolutionGuid = {B514DA31-5708-4652-85C1-D7FA4D556B36}
	EndGlobalSection
EndGlobal
